
Microsoft Visual Studio Solution File, Format Version 12.00
# Visual Studio 15
VisualStudioVersion = 15.0.28307.168
MinimumVisualStudioVersion = 10.0.40219.1
Project("{FAE04EC0-301F-11D3-BF4B-00C04F79EFBC}") = "NaiveProgress", "NaiveProgress\NaiveProgress.csproj", "{1860A9A6-0F38-4287-9A05-F56B44286A8E}"
EndProject
Global
	GlobalSection(SolutionConfigurationPlatforms) = preSolution
		Debug|Any CPU = Debug|Any CPU
		Release|Any CPU = Release|Any CPU
	EndGlobalSection
	GlobalSection(ProjectConfigurationPlatforms) = postSolution
		{1860A9A6-0F38-4287-9A05-F56B44286A8E}.Debug|Any CPU.ActiveCfg = Debug|Any CPU
		{1860A9A6-0F38-4287-9A05-F56B44286A8E}.Debug|Any CPU.Build.0 = Debug|Any CPU
		{1860A9A6-0F38-4287-9A05-F56B44286A8E}.Release|Any CPU.ActiveCfg = Release|Any CPU
		{1860A9A6-0F38-4287-9A05-F56B44286A8E}.Release|Any CPU.Build.0 = Release|Any CPU
	EndGlobalSection
	GlobalSection(SolutionProperties) = preSolution
		HideSolutionNode = FALSE
	EndGlobalSection
	GlobalSection(ExtensibilityGlobals) = postSolution
		SolutionGuid = {35C76712-4DFA-4D84-8EF8-31D230D123DE}
	EndGlobalSection
EndGlobal
